// !$*UTF8*$!
{
	archiveVersion = 1;
	classes = {
	};
	objectVersion = 46;
	objects = {

/* Begin PBXBuildFile section */
		C17225E11D5CA35700FF5635 /* DetectorFactory.swift in Sources */ = {isa = PBXBuildFile; fileRef = C17225E01D5CA35700FF5635 /* DetectorFactory.swift */; };
		C19208981D5CE6330083BB76 /* NSRange+MessageParsing.swift in Sources */ = {isa = PBXBuildFile; fileRef = C19208971D5CE6330083BB76 /* NSRange+MessageParsing.swift */; };
		C192089A1D5CE6AB0083BB76 /* LinkDetector.swift in Sources */ = {isa = PBXBuildFile; fileRef = C19208991D5CE6AB0083BB76 /* LinkDetector.swift */; };
		C1E68A141D5C69C300BFBE71 /* AppDelegate.swift in Sources */ = {isa = PBXBuildFile; fileRef = C1E68A131D5C69C300BFBE71 /* AppDelegate.swift */; };
		C1E68A161D5C69C300BFBE71 /* ViewController.swift in Sources */ = {isa = PBXBuildFile; fileRef = C1E68A151D5C69C300BFBE71 /* ViewController.swift */; };
		C1E68A191D5C69C300BFBE71 /* Main.storyboard in Resources */ = {isa = PBXBuildFile; fileRef = C1E68A171D5C69C300BFBE71 /* Main.storyboard */; };
		C1E68A1B1D5C69C300BFBE71 /* Assets.xcassets in Resources */ = {isa = PBXBuildFile; fileRef = C1E68A1A1D5C69C300BFBE71 /* Assets.xcassets */; };
		C1E68A1E1D5C69C300BFBE71 /* LaunchScreen.storyboard in Resources */ = {isa = PBXBuildFile; fileRef = C1E68A1C1D5C69C300BFBE71 /* LaunchScreen.storyboard */; };
		C1E68A291D5C69C300BFBE71 /* HIPChatMessagesTests.swift in Sources */ = {isa = PBXBuildFile; fileRef = C1E68A281D5C69C300BFBE71 /* HIPChatMessagesTests.swift */; };
		C1E68A351D5C69FB00BFBE71 /* MessageParser.swift in Sources */ = {isa = PBXBuildFile; fileRef = C1E68A341D5C69FB00BFBE71 /* MessageParser.swift */; };
		C1E68A371D5C6A1100BFBE71 /* Detector.swift in Sources */ = {isa = PBXBuildFile; fileRef = C1E68A361D5C6A1100BFBE71 /* Detector.swift */; };
		C1E68A391D5C6A3000BFBE71 /* NSRegularExpression+MessageParsing.swift in Sources */ = {isa = PBXBuildFile; fileRef = C1E68A381D5C6A3000BFBE71 /* NSRegularExpression+MessageParsing.swift */; };
/* End PBXBuildFile section */

/* Begin PBXContainerItemProxy section */
		C1E68A251D5C69C300BFBE71 /* PBXContainerItemProxy */ = {
			isa = PBXContainerItemProxy;
			containerPortal = C1E68A081D5C69C200BFBE71 /* Project object */;
			proxyType = 1;
			remoteGlobalIDString = C1E68A0F1D5C69C200BFBE71;
			remoteInfo = HIPChatMessages;
		};
/* End PBXContainerItemProxy section */

/* Begin PBXFileReference section */
		C17225E01D5CA35700FF5635 /* DetectorFactory.swift */ = {isa = PBXFileReference; fileEncoding = 4; lastKnownFileType = sourcecode.swift; path = DetectorFactory.swift; sourceTree = "<group>"; };
		C19208971D5CE6330083BB76 /* NSRange+MessageParsing.swift */ = {isa = PBXFileReference; fileEncoding = 4; lastKnownFileType = sourcecode.swift; path = "NSRange+MessageParsing.swift"; sourceTree = "<group>"; };
		C19208991D5CE6AB0083BB76 /* LinkDetector.swift */ = {isa = PBXFileReference; fileEncoding = 4; lastKnownFileType = sourcecode.swift; path = LinkDetector.swift; sourceTree = "<group>"; };
		C1E68A101D5C69C300BFBE71 /* HIPChatMessages.app */ = {isa = PBXFileReference; explicitFileType = wrapper.application; includeInIndex = 0; path = HIPChatMessages.app; sourceTree = BUILT_PRODUCTS_DIR; };
		C1E68A131D5C69C300BFBE71 /* AppDelegate.swift */ = {isa = PBXFileReference; lastKnownFileType = sourcecode.swift; path = AppDelegate.swift; sourceTree = "<group>"; };
		C1E68A151D5C69C300BFBE71 /* ViewController.swift */ = {isa = PBXFileReference; lastKnownFileType = sourcecode.swift; path = ViewController.swift; sourceTree = "<group>"; };
		C1E68A181D5C69C300BFBE71 /* Base */ = {isa = PBXFileReference; lastKnownFileType = file.storyboard; name = Base; path = Base.lproj/Main.storyboard; sourceTree = "<group>"; };
		C1E68A1A1D5C69C300BFBE71 /* Assets.xcassets */ = {isa = PBXFileReference; lastKnownFileType = folder.assetcatalog; path = Assets.xcassets; sourceTree = "<group>"; };
		C1E68A1D1D5C69C300BFBE71 /* Base */ = {isa = PBXFileReference; lastKnownFileType = file.storyboard; name = Base; path = Base.lproj/LaunchScreen.storyboard; sourceTree = "<group>"; };
		C1E68A1F1D5C69C300BFBE71 /* Info.plist */ = {isa = PBXFileReference; lastKnownFileType = text.plist.xml; path = Info.plist; sourceTree = "<group>"; };
		C1E68A241D5C69C300BFBE71 /* HIPChatMessagesTests.xctest */ = {isa = PBXFileReference; explicitFileType = wrapper.cfbundle; includeInIndex = 0; path = HIPChatMessagesTests.xctest; sourceTree = BUILT_PRODUCTS_DIR; };
		C1E68A281D5C69C300BFBE71 /* HIPChatMessagesTests.swift */ = {isa = PBXFileReference; lastKnownFileType = sourcecode.swift; path = HIPChatMessagesTests.swift; sourceTree = "<group>"; };
		C1E68A2A1D5C69C300BFBE71 /* Info.plist */ = {isa = PBXFileReference; lastKnownFileType = text.plist.xml; path = Info.plist; sourceTree = "<group>"; };
		C1E68A341D5C69FB00BFBE71 /* MessageParser.swift */ = {isa = PBXFileReference; fileEncoding = 4; lastKnownFileType = sourcecode.swift; path = MessageParser.swift; sourceTree = "<group>"; };
		C1E68A361D5C6A1100BFBE71 /* Detector.swift */ = {isa = PBXFileReference; fileEncoding = 4; lastKnownFileType = sourcecode.swift; path = Detector.swift; sourceTree = "<group>"; };
		C1E68A381D5C6A3000BFBE71 /* NSRegularExpression+MessageParsing.swift */ = {isa = PBXFileReference; fileEncoding = 4; lastKnownFileType = sourcecode.swift; path = "NSRegularExpression+MessageParsing.swift"; sourceTree = "<group>"; };
/* End PBXFileReference section */

/* Begin PBXFrameworksBuildPhase section */
		C1E68A0D1D5C69C200BFBE71 /* Frameworks */ = {
			isa = PBXFrameworksBuildPhase;
			buildActionMask = 2147483647;
			files = (
			);
			runOnlyForDeploymentPostprocessing = 0;
		};
		C1E68A211D5C69C300BFBE71 /* Frameworks */ = {
			isa = PBXFrameworksBuildPhase;
			buildActionMask = 2147483647;
			files = (
			);
			runOnlyForDeploymentPostprocessing = 0;
		};
/* End PBXFrameworksBuildPhase section */

/* Begin PBXGroup section */
		C1E68A071D5C69C200BFBE71 = {
			isa = PBXGroup;
			children = (
				C1E68A121D5C69C300BFBE71 /* HIPChatMessages */,
				C1E68A271D5C69C300BFBE71 /* HIPChatMessagesTests */,
				C1E68A111D5C69C300BFBE71 /* Products */,
			);
			sourceTree = "<group>";
		};
		C1E68A111D5C69C300BFBE71 /* Products */ = {
			isa = PBXGroup;
			children = (
				C1E68A101D5C69C300BFBE71 /* HIPChatMessages.app */,
				C1E68A241D5C69C300BFBE71 /* HIPChatMessagesTests.xctest */,
			);
			name = Products;
			sourceTree = "<group>";
		};
		C1E68A121D5C69C300BFBE71 /* HIPChatMessages */ = {
			isa = PBXGroup;
			children = (
				C1E68A331D5C69DC00BFBE71 /* Source */,
				C1E68A131D5C69C300BFBE71 /* AppDelegate.swift */,
				C1E68A151D5C69C300BFBE71 /* ViewController.swift */,
				C1E68A171D5C69C300BFBE71 /* Main.storyboard */,
				C1E68A1A1D5C69C300BFBE71 /* Assets.xcassets */,
				C1E68A1C1D5C69C300BFBE71 /* LaunchScreen.storyboard */,
				C1E68A1F1D5C69C300BFBE71 /* Info.plist */,
			);
			path = HIPChatMessages;
			sourceTree = "<group>";
		};
		C1E68A271D5C69C300BFBE71 /* HIPChatMessagesTests */ = {
			isa = PBXGroup;
			children = (
				C1E68A281D5C69C300BFBE71 /* HIPChatMessagesTests.swift */,
				C1E68A2A1D5C69C300BFBE71 /* Info.plist */,
			);
			path = HIPChatMessagesTests;
			sourceTree = "<group>";
		};
		C1E68A331D5C69DC00BFBE71 /* Source */ = {
			isa = PBXGroup;
			children = (
				C1E68A341D5C69FB00BFBE71 /* MessageParser.swift */,
				C1E68A361D5C6A1100BFBE71 /* Detector.swift */,
				C19208991D5CE6AB0083BB76 /* LinkDetector.swift */,
				C1E68A381D5C6A3000BFBE71 /* NSRegularExpression+MessageParsing.swift */,
				C17225E01D5CA35700FF5635 /* DetectorFactory.swift */,
				C19208971D5CE6330083BB76 /* NSRange+MessageParsing.swift */,
			);
			name = Source;
			sourceTree = "<group>";
		};
/* End PBXGroup section */

/* Begin PBXNativeTarget section */
		C1E68A0F1D5C69C200BFBE71 /* HIPChatMessages */ = {
			isa = PBXNativeTarget;
			buildConfigurationList = C1E68A2D1D5C69C300BFBE71 /* Build configuration list for PBXNativeTarget "HIPChatMessages" */;
			buildPhases = (
				C1E68A0C1D5C69C200BFBE71 /* Sources */,
				C1E68A0D1D5C69C200BFBE71 /* Frameworks */,
				C1E68A0E1D5C69C200BFBE71 /* Resources */,
			);
			buildRules = (
			);
			dependencies = (
			);
			name = HIPChatMessages;
			productName = HIPChatMessages;
			productReference = C1E68A101D5C69C300BFBE71 /* HIPChatMessages.app */;
			productType = "com.apple.product-type.application";
		};
		C1E68A231D5C69C300BFBE71 /* HIPChatMessagesTests */ = {
			isa = PBXNativeTarget;
			buildConfigurationList = C1E68A301D5C69C300BFBE71 /* Build configuration list for PBXNativeTarget "HIPChatMessagesTests" */;
			buildPhases = (
				C1E68A201D5C69C300BFBE71 /* Sources */,
				C1E68A211D5C69C300BFBE71 /* Frameworks */,
				C1E68A221D5C69C300BFBE71 /* Resources */,
			);
			buildRules = (
			);
			dependencies = (
				C1E68A261D5C69C300BFBE71 /* PBXTargetDependency */,
			);
			name = HIPChatMessagesTests;
			productName = HIPChatMessagesTests;
			productReference = C1E68A241D5C69C300BFBE71 /* HIPChatMessagesTests.xctest */;
			productType = "com.apple.product-type.bundle.unit-test";
		};
/* End PBXNativeTarget section */

/* Begin PBXProject section */
		C1E68A081D5C69C200BFBE71 /* Project object */ = {
			isa = PBXProject;
			attributes = {
				LastSwiftUpdateCheck = 0730;
				LastUpgradeCheck = 0730;
				ORGANIZATIONNAME = "Saqib Saud";
				TargetAttributes = {
					C1E68A0F1D5C69C200BFBE71 = {
						CreatedOnToolsVersion = 7.3.1;
					};
					C1E68A231D5C69C300BFBE71 = {
						CreatedOnToolsVersion = 7.3.1;
						TestTargetID = C1E68A0F1D5C69C200BFBE71;
					};
				};
			};
			buildConfigurationList = C1E68A0B1D5C69C200BFBE71 /* Build configuration list for PBXProject "HIPChatMessages" */;
			compatibilityVersion = "Xcode 3.2";
			developmentRegion = English;
			hasScannedForEncodings = 0;
			knownRegions = (
				en,
				Base,
			);
			mainGroup = C1E68A071D5C69C200BFBE71;
			productRefGroup = C1E68A111D5C69C300BFBE71 /* Products */;
			projectDirPath = "";
			projectRoot = "";
			targets = (
				C1E68A0F1D5C69C200BFBE71 /* HIPChatMessages */,
				C1E68A231D5C69C300BFBE71 /* HIPChatMessagesTests */,
			);
		};
/* End PBXProject section */

/* Begin PBXResourcesBuildPhase section */
		C1E68A0E1D5C69C200BFBE71 /* Resources */ = {
			isa = PBXResourcesBuildPhase;
			buildActionMask = 2147483647;
			files = (
				C1E68A1E1D5C69C300BFBE71 /* LaunchScreen.storyboard in Resources */,
				C1E68A1B1D5C69C300BFBE71 /* Assets.xcassets in Resources */,
				C1E68A191D5C69C300BFBE71 /* Main.storyboard in Resources */,
			);
			runOnlyForDeploymentPostprocessing = 0;
		};
		C1E68A221D5C69C300BFBE71 /* Resources */ = {
			isa = PBXResourcesBuildPhase;
			buildActionMask = 2147483647;
			files = (
			);
			runOnlyForDeploymentPostprocessing = 0;
		};
/* End PBXResourcesBuildPhase section */

/* Begin PBXSourcesBuildPhase section */
		C1E68A0C1D5C69C200BFBE71 /* Sources */ = {
			isa = PBXSourcesBuildPhase;
			buildActionMask = 2147483647;
			files = (
				C17225E11D5CA35700FF5635 /* DetectorFactory.swift in Sources */,
				C19208981D5CE6330083BB76 /* NSRange+MessageParsing.swift in Sources */,
				C1E68A161D5C69C300BFBE71 /* ViewController.swift in Sources */,
				C1E68A141D5C69C300BFBE71 /* AppDelegate.swift in Sources */,
				C1E68A391D5C6A3000BFBE71 /* NSRegularExpression+MessageParsing.swift in Sources */,
				C192089A1D5CE6AB0083BB76 /* LinkDetector.swift in Sources */,
				C1E68A351D5C69FB00BFBE71 /* MessageParser.swift in Sources */,
				C1E68A371D5C6A1100BFBE71 /* Detector.swift in Sources */,
			);
			runOnlyForDeploymentPostprocessing = 0;
		};
		C1E68A201D5C69C300BFBE71 /* Sources */ = {
			isa = PBXSourcesBuildPhase;
			buildActionMask = 2147483647;
			files = (
				C1E68A291D5C69C300BFBE71 /* HIPChatMessagesTests.swift in Sources */,
			);
			runOnlyForDeploymentPostprocessing = 0;
		};
/* End PBXSourcesBuildPhase section */

/* Begin PBXTargetDependency section */
		C1E68A261D5C69C300BFBE71 /* PBXTargetDependency */ = {
			isa = PBXTargetDependency;
			target = C1E68A0F1D5C69C200BFBE71 /* HIPChatMessages */;
			targetProxy = C1E68A251D5C69C300BFBE71 /* PBXContainerItemProxy */;
		};
/* End PBXTargetDependency section */

/* Begin PBXVariantGroup section */
		C1E68A171D5C69C300BFBE71 /* Main.storyboard */ = {
			isa = PBXVariantGroup;
			children = (
				C1E68A181D5C69C300BFBE71 /* Base */,
			);
			name = Main.storyboard;
			sourceTree = "<group>";
		};
		C1E68A1C1D5C69C300BFBE71 /* LaunchScreen.storyboard */ = {
			isa = PBXVariantGroup;
			children = (
				C1E68A1D1D5C69C300BFBE71 /* Base */,
			);
			name = LaunchScreen.storyboard;
			sourceTree = "<group>";
		};
/* End PBXVariantGroup section */

/* Begin XCBuildConfiguration section */
		C1E68A2B1D5C69C300BFBE71 /* Debug */ = {
			isa = XCBuildConfiguration;
			buildSettings = {
				ALWAYS_SEARCH_USER_PATHS = NO;
				CLANG_ANALYZER_NONNULL = YES;
				CLANG_CXX_LANGUAGE_STANDARD = "gnu++0x";
				CLANG_CXX_LIBRARY = "libc++";
				CLANG_ENABLE_MODULES = YES;
				CLANG_ENABLE_OBJC_ARC = YES;
				CLANG_WARN_BOOL_CONVERSION = YES;
				CLANG_WARN_CONSTANT_CONVERSION = YES;
				CLANG_WARN_DIRECT_OBJC_ISA_USAGE = YES_ERROR;
				CLANG_WARN_EMPTY_BODY = YES;
				CLANG_WARN_ENUM_CONVERSION = YES;
				CLANG_WARN_INT_CONVERSION = YES;
				CLANG_WARN_OBJC_ROOT_CLASS = YES_ERROR;
				CLANG_WARN_UNREACHABLE_CODE = YES;
				CLANG_WARN__DUPLICATE_METHOD_MATCH = YES;
				"CODE_SIGN_IDENTITY[sdk=iphoneos*]" = "iPhone Developer";
				COPY_PHASE_STRIP = NO;
				DEBUG_INFORMATION_FORMAT = dwarf;
				ENABLE_STRICT_OBJC_MSGSEND = YES;
				ENABLE_TESTABILITY = YES;
				GCC_C_LANGUAGE_STANDARD = gnu99;
				GCC_DYNAMIC_NO_PIC = NO;
				GCC_NO_COMMON_BLOCKS = YES;
				GCC_OPTIMIZATION_LEVEL = 0;
				GCC_PREPROCESSOR_DEFINITIONS = (
					"DEBUG=1",
					"$(inherited)",
				);
				GCC_WARN_64_TO_32_BIT_CONVERSION = YES;
				GCC_WARN_ABOUT_RETURN_TYPE = YES_ERROR;
				GCC_WARN_UNDECLARED_SELECTOR = YES;
				GCC_WARN_UNINITIALIZED_AUTOS = YES_AGGRESSIVE;
				GCC_WARN_UNUSED_FUNCTION = YES;
				GCC_WARN_UNUSED_VARIABLE = YES;
				IPHONEOS_DEPLOYMENT_TARGET = 9.3;
				MTL_ENABLE_DEBUG_INFO = YES;
				ONLY_ACTIVE_ARCH = YES;
				SDKROOT = iphoneos;
				SWIFT_OPTIMIZATION_LEVEL = "-Onone";
			};
			name = Debug;
		};
		C1E68A2C1D5C69C300BFBE71 /* Release */ = {
			isa = XCBuildConfiguration;
			buildSettings = {
				ALWAYS_SEARCH_USER_PATHS = NO;
				CLANG_ANALYZER_NONNULL = YES;
				CLANG_CXX_LANGUAGE_STANDARD = "gnu++0x";
				CLANG_CXX_LIBRARY = "libc++";
				CLANG_ENABLE_MODULES = YES;
				CLANG_ENABLE_OBJC_ARC = YES;
				CLANG_WARN_BOOL_CONVERSION = YES;
				CLANG_WARN_CONSTANT_CONVERSION = YES;
				CLANG_WARN_DIRECT_OBJC_ISA_USAGE = YES_ERROR;
				CLANG_WARN_EMPTY_BODY = YES;
				CLANG_WARN_ENUM_CONVERSION = YES;
				CLANG_WARN_INT_CONVERSION = YES;
				CLANG_WARN_OBJC_ROOT_CLASS = YES_ERROR;
				CLANG_WARN_UNREACHABLE_CODE = YES;
				CLANG_WARN__DUPLICATE_METHOD_MATCH = YES;
				"CODE_SIGN_IDENTITY[sdk=iphoneos*]" = "iPhone Developer";
				COPY_PHASE_STRIP = NO;
				DEBUG_INFORMATION_FORMAT = "dwarf-with-dsym";
				ENABLE_NS_ASSERTIONS = NO;
				ENABLE_STRICT_OBJC_MSGSEND = YES;
				GCC_C_LANGUAGE_STANDARD = gnu99;
				GCC_NO_COMMON_BLOCKS = YES;
				GCC_WARN_64_TO_32_BIT_CONVERSION = YES;
				GCC_WARN_ABOUT_RETURN_TYPE = YES_ERROR;
				GCC_WARN_UNDECLARED_SELECTOR = YES;
				GCC_WARN_UNINITIALIZED_AUTOS = YES_AGGRESSIVE;
				GCC_WARN_UNUSED_FUNCTION = YES;
				GCC_WARN_UNUSED_VARIABLE = YES;
				IPHONEOS_DEPLOYMENT_TARGET = 9.3;
				MTL_ENABLE_DEBUG_INFO = NO;
				SDKROOT = iphoneos;
				VALIDATE_PRODUCT = YES;
			};
			name = Release;
		};
		C1E68A2E1D5C69C300BFBE71 /* Debug */ = {
			isa = XCBuildConfiguration;
			buildSettings = {
				ASSETCATALOG_COMPILER_APPICON_NAME = AppIcon;
				INFOPLIST_FILE = HIPChatMessages/Info.plist;
				LD_RUNPATH_SEARCH_PATHS = "$(inherited) @executable_path/Frameworks";
				PRODUCT_BUNDLE_IDENTIFIER = com.techlogix.HIPChatMessages;
				PRODUCT_NAME = "$(TARGET_NAME)";
			};
			name = Debug;
		};
		C1E68A2F1D5C69C300BFBE71 /* Release */ = {
			isa = XCBuildConfiguration;
			buildSettings = {
				ASSETCATALOG_COMPILER_APPICON_NAME = AppIcon;
				INFOPLIST_FILE = HIPChatMessages/Info.plist;
				LD_RUNPATH_SEARCH_PATHS = "$(inherited) @executable_path/Frameworks";
				PRODUCT_BUNDLE_IDENTIFIER = com.techlogix.HIPChatMessages;
				PRODUCT_NAME = "$(TARGET_NAME)";
			};
			name = Release;
		};
		C1E68A311D5C69C300BFBE71 /* Debug */ = {
			isa = XCBuildConfiguration;
			buildSettings = {
				BUNDLE_LOADER = "$(TEST_HOST)";
				INFOPLIST_FILE = HIPChatMessagesTests/Info.plist;
				LD_RUNPATH_SEARCH_PATHS = "$(inherited) @executable_path/Frameworks @loader_path/Frameworks";
				PRODUCT_BUNDLE_IDENTIFIER = com.techlogix.HIPChatMessagesTests;
				PRODUCT_NAME = "$(TARGET_NAME)";
				TEST_HOST = "$(BUILT_PRODUCTS_DIR)/HIPChatMessages.app/HIPChatMessages";
			};
			name = Debug;
		};
		C1E68A321D5C69C300BFBE71 /* Release */ = {
			isa = XCBuildConfiguration;
			buildSettings = {
				BUNDLE_LOADER = "$(TEST_HOST)";
				INFOPLIST_FILE = HIPChatMessagesTests/Info.plist;
				LD_RUNPATH_SEARCH_PATHS = "$(inherited) @executable_path/Frameworks @loader_path/Frameworks";
				PRODUCT_BUNDLE_IDENTIFIER = com.techlogix.HIPChatMessagesTests;
				PRODUCT_NAME = "$(TARGET_NAME)";
				TEST_HOST = "$(BUILT_PRODUCTS_DIR)/HIPChatMessages.app/HIPChatMessages";
			};
			name = Release;
		};
/* End XCBuildConfiguration section */

/* Begin XCConfigurationList section */
		C1E68A0B1D5C69C200BFBE71 /* Build configuration list for PBXProject "HIPChatMessages" */ = {
			isa = XCConfigurationList;
			buildConfigurations = (
				C1E68A2B1D5C69C300BFBE71 /* Debug */,
				C1E68A2C1D5C69C300BFBE71 /* Release */,
			);
			defaultConfigurationIsVisible = 0;
			defaultConfigurationName = Release;
		};
		C1E68A2D1D5C69C300BFBE71 /* Build configuration list for PBXNativeTarget "HIPChatMessages" */ = {
			isa = XCConfigurationList;
			buildConfigurations = (
				C1E68A2E1D5C69C300BFBE71 /* Debug */,
				C1E68A2F1D5C69C300BFBE71 /* Release */,
			);
			defaultConfigurationIsVisible = 0;
			defaultConfigurationName = Release;
		};
		C1E68A301D5C69C300BFBE71 /* Build configuration list for PBXNativeTarget "HIPChatMessagesTests" */ = {
			isa = XCConfigurationList;
			buildConfigurations = (
				C1E68A311D5C69C300BFBE71 /* Debug */,
				C1E68A321D5C69C300BFBE71 /* Release */,
			);
			defaultConfigurationIsVisible = 0;
			defaultConfigurationName = Release;
		};
/* End XCConfigurationList section */
	};
	rootObject = C1E68A081D5C69C200BFBE71 /* Project object */;
}
